// !$*UTF8*$!
{
	archiveVersion = 1;
	classes = {
	};
	objectVersion = 50;
	objects = {

/* Begin PBXBuildFile section */
		2BC3CDB4708B3D464641F6F1 /* Pods_JsonParsingSwift4ObjectMapper.framework in Frameworks */ = {isa = PBXBuildFile; fileRef = 083E3B74DA6CAD5EB5555E9D /* Pods_JsonParsingSwift4ObjectMapper.framework */; };
		525E59192137AF8000822264 /* AppDelegate.swift in Sources */ = {isa = PBXBuildFile; fileRef = 525E59182137AF8000822264 /* AppDelegate.swift */; };
		525E591B2137AF8000822264 /* ViewController.swift in Sources */ = {isa = PBXBuildFile; fileRef = 525E591A2137AF8000822264 /* ViewController.swift */; };
		525E591D2137AF8100822264 /* Assets.xcassets in Resources */ = {isa = PBXBuildFile; fileRef = 525E591C2137AF8100822264 /* Assets.xcassets */; };
		525E59202137AF8100822264 /* Main.storyboard in Resources */ = {isa = PBXBuildFile; fileRef = 525E591E2137AF8100822264 /* Main.storyboard */; };
		525E592C2137B34200822264 /* GetJokesRequestHandler.swift in Sources */ = {isa = PBXBuildFile; fileRef = 525E592B2137B34200822264 /* GetJokesRequestHandler.swift */; };
		525E592E2137B35F00822264 /* JokeObject.swift in Sources */ = {isa = PBXBuildFile; fileRef = 525E592D2137B35F00822264 /* JokeObject.swift */; };
		525E59302137B36900822264 /* JokeStruct.swift in Sources */ = {isa = PBXBuildFile; fileRef = 525E592F2137B36900822264 /* JokeStruct.swift */; };
		525E59332137B72B00822264 /* JokeTypeEnum.swift in Sources */ = {isa = PBXBuildFile; fileRef = 525E59322137B72B00822264 /* JokeTypeEnum.swift */; };
/* End PBXBuildFile section */

/* Begin PBXFileReference section */
		083E3B74DA6CAD5EB5555E9D /* Pods_JsonParsingSwift4ObjectMapper.framework */ = {isa = PBXFileReference; explicitFileType = wrapper.framework; includeInIndex = 0; path = Pods_JsonParsingSwift4ObjectMapper.framework; sourceTree = BUILT_PRODUCTS_DIR; };
		4B90CFFE8AADCB4A18D3F501 /* Pods-JsonParsingSwift4ObjectMapper.debug.xcconfig */ = {isa = PBXFileReference; includeInIndex = 1; lastKnownFileType = text.xcconfig; name = "Pods-JsonParsingSwift4ObjectMapper.debug.xcconfig"; path = "Pods/Target Support Files/Pods-JsonParsingSwift4ObjectMapper/Pods-JsonParsingSwift4ObjectMapper.debug.xcconfig"; sourceTree = "<group>"; };
		525E59152137AF8000822264 /* JsonParsingSwift4ObjectMapper.app */ = {isa = PBXFileReference; explicitFileType = wrapper.application; includeInIndex = 0; path = JsonParsingSwift4ObjectMapper.app; sourceTree = BUILT_PRODUCTS_DIR; };
		525E59182137AF8000822264 /* AppDelegate.swift */ = {isa = PBXFileReference; lastKnownFileType = sourcecode.swift; path = AppDelegate.swift; sourceTree = "<group>"; };
		525E591A2137AF8000822264 /* ViewController.swift */ = {isa = PBXFileReference; lastKnownFileType = sourcecode.swift; path = ViewController.swift; sourceTree = "<group>"; };
		525E591C2137AF8100822264 /* Assets.xcassets */ = {isa = PBXFileReference; lastKnownFileType = folder.assetcatalog; path = Assets.xcassets; sourceTree = "<group>"; };
		525E591F2137AF8100822264 /* Base */ = {isa = PBXFileReference; lastKnownFileType = file.storyboard; name = Base; path = Base.lproj/Main.storyboard; sourceTree = "<group>"; };
		525E59212137AF8100822264 /* Info.plist */ = {isa = PBXFileReference; lastKnownFileType = text.plist.xml; path = Info.plist; sourceTree = "<group>"; };
		525E59222137AF8100822264 /* JsonParsingSwift4ObjectMapper.entitlements */ = {isa = PBXFileReference; lastKnownFileType = text.plist.entitlements; path = JsonParsingSwift4ObjectMapper.entitlements; sourceTree = "<group>"; };
		525E592B2137B34200822264 /* GetJokesRequestHandler.swift */ = {isa = PBXFileReference; lastKnownFileType = sourcecode.swift; path = GetJokesRequestHandler.swift; sourceTree = "<group>"; };
		525E592D2137B35F00822264 /* JokeObject.swift */ = {isa = PBXFileReference; lastKnownFileType = sourcecode.swift; path = JokeObject.swift; sourceTree = "<group>"; };
		525E592F2137B36900822264 /* JokeStruct.swift */ = {isa = PBXFileReference; lastKnownFileType = sourcecode.swift; path = JokeStruct.swift; sourceTree = "<group>"; };
		525E59322137B72B00822264 /* JokeTypeEnum.swift */ = {isa = PBXFileReference; lastKnownFileType = sourcecode.swift; path = JokeTypeEnum.swift; sourceTree = "<group>"; };
		B653C4384A2C305386D472C9 /* Pods-JsonParsingSwift4ObjectMapper.release.xcconfig */ = {isa = PBXFileReference; includeInIndex = 1; lastKnownFileType = text.xcconfig; name = "Pods-JsonParsingSwift4ObjectMapper.release.xcconfig"; path = "Pods/Target Support Files/Pods-JsonParsingSwift4ObjectMapper/Pods-JsonParsingSwift4ObjectMapper.release.xcconfig"; sourceTree = "<group>"; };
/* End PBXFileReference section */

/* Begin PBXFrameworksBuildPhase section */
		525E59122137AF8000822264 /* Frameworks */ = {
			isa = PBXFrameworksBuildPhase;
			buildActionMask = 2147483647;
			files = (
				2BC3CDB4708B3D464641F6F1 /* Pods_JsonParsingSwift4ObjectMapper.framework in Frameworks */,
			);
			runOnlyForDeploymentPostprocessing = 0;
		};
/* End PBXFrameworksBuildPhase section */

/* Begin PBXGroup section */
		06C942CF16650DA88C8E40B0 /* Pods */ = {
			isa = PBXGroup;
			children = (
				4B90CFFE8AADCB4A18D3F501 /* Pods-JsonParsingSwift4ObjectMapper.debug.xcconfig */,
				B653C4384A2C305386D472C9 /* Pods-JsonParsingSwift4ObjectMapper.release.xcconfig */,
			);
			name = Pods;
			sourceTree = "<group>";
		};
		525E590C2137AF8000822264 = {
			isa = PBXGroup;
			children = (
				525E59172137AF8000822264 /* JsonParsingSwift4ObjectMapper */,
				525E59162137AF8000822264 /* Products */,
				06C942CF16650DA88C8E40B0 /* Pods */,
				A5B65D0BB5C74792EF5BE245 /* Frameworks */,
			);
			sourceTree = "<group>";
		};
		525E59162137AF8000822264 /* Products */ = {
			isa = PBXGroup;
			children = (
				525E59152137AF8000822264 /* JsonParsingSwift4ObjectMapper.app */,
			);
			name = Products;
			sourceTree = "<group>";
		};
		525E59172137AF8000822264 /* JsonParsingSwift4ObjectMapper */ = {
			isa = PBXGroup;
			children = (
				525E59282137AFE000822264 /* EducationalTaskFiles */,
				525E59182137AF8000822264 /* AppDelegate.swift */,
				525E591A2137AF8000822264 /* ViewController.swift */,
				525E591C2137AF8100822264 /* Assets.xcassets */,
				525E591E2137AF8100822264 /* Main.storyboard */,
				525E59212137AF8100822264 /* Info.plist */,
				525E59222137AF8100822264 /* JsonParsingSwift4ObjectMapper.entitlements */,
			);
			path = JsonParsingSwift4ObjectMapper;
			sourceTree = "<group>";
		};
		525E59282137AFE000822264 /* EducationalTaskFiles */ = {
			isa = PBXGroup;
			children = (
				525E59312137B71C00822264 /* Enums */,
				525E592A2137B2D200822264 /* Models */,
				525E59292137B2CB00822264 /* Networking */,
			);
			path = EducationalTaskFiles;
			sourceTree = "<group>";
		};
		525E59292137B2CB00822264 /* Networking */ = {
			isa = PBXGroup;
			children = (
				525E592B2137B34200822264 /* GetJokesRequestHandler.swift */,
			);
			path = Networking;
			sourceTree = "<group>";
		};
		525E592A2137B2D200822264 /* Models */ = {
			isa = PBXGroup;
			children = (
				525E592D2137B35F00822264 /* JokeObject.swift */,
				525E592F2137B36900822264 /* JokeStruct.swift */,
			);
			path = Models;
			sourceTree = "<group>";
		};
		525E59312137B71C00822264 /* Enums */ = {
			isa = PBXGroup;
			children = (
				525E59322137B72B00822264 /* JokeTypeEnum.swift */,
			);
			path = Enums;
			sourceTree = "<group>";
		};
		A5B65D0BB5C74792EF5BE245 /* Frameworks */ = {
			isa = PBXGroup;
			children = (
				083E3B74DA6CAD5EB5555E9D /* Pods_JsonParsingSwift4ObjectMapper.framework */,
			);
			name = Frameworks;
			sourceTree = "<group>";
		};
/* End PBXGroup section */

/* Begin PBXNativeTarget section */
		525E59142137AF8000822264 /* JsonParsingSwift4ObjectMapper */ = {
			isa = PBXNativeTarget;
			buildConfigurationList = 525E59252137AF8100822264 /* Build configuration list for PBXNativeTarget "JsonParsingSwift4ObjectMapper" */;
			buildPhases = (
				FA5EACED6821A372DA40BE4F /* [CP] Check Pods Manifest.lock */,
				525E59112137AF8000822264 /* Sources */,
				525E59122137AF8000822264 /* Frameworks */,
				525E59132137AF8000822264 /* Resources */,
				1632919522E04901AEB94532 /* [CP] Embed Pods Frameworks */,
				ADEBB4925EC41992173E7E5C /* [CP] Copy Pods Resources */,
			);
			buildRules = (
			);
			dependencies = (
			);
			name = JsonParsingSwift4ObjectMapper;
			productName = JsonParsingSwift4ObjectMapper;
			productReference = 525E59152137AF8000822264 /* JsonParsingSwift4ObjectMapper.app */;
			productType = "com.apple.product-type.application";
		};
/* End PBXNativeTarget section */

/* Begin PBXProject section */
		525E590D2137AF8000822264 /* Project object */ = {
			isa = PBXProject;
			attributes = {
				LastSwiftUpdateCheck = 0940;
				LastUpgradeCheck = 0940;
				ORGANIZATIONNAME = BUDU;
				TargetAttributes = {
					525E59142137AF8000822264 = {
						CreatedOnToolsVersion = 9.4.1;
					};
				};
			};
			buildConfigurationList = 525E59102137AF8000822264 /* Build configuration list for PBXProject "JsonParsingSwift4ObjectMapper" */;
			compatibilityVersion = "Xcode 9.3";
			developmentRegion = en;
			hasScannedForEncodings = 0;
			knownRegions = (
				en,
				Base,
			);
			mainGroup = 525E590C2137AF8000822264;
			productRefGroup = 525E59162137AF8000822264 /* Products */;
			projectDirPath = "";
			projectRoot = "";
			targets = (
				525E59142137AF8000822264 /* JsonParsingSwift4ObjectMapper */,
			);
		};
/* End PBXProject section */

/* Begin PBXResourcesBuildPhase section */
		525E59132137AF8000822264 /* Resources */ = {
			isa = PBXResourcesBuildPhase;
			buildActionMask = 2147483647;
			files = (
				525E591D2137AF8100822264 /* Assets.xcassets in Resources */,
				525E59202137AF8100822264 /* Main.storyboard in Resources */,
			);
			runOnlyForDeploymentPostprocessing = 0;
		};
/* End PBXResourcesBuildPhase section */

/* Begin PBXShellScriptBuildPhase section */
		1632919522E04901AEB94532 /* [CP] Embed Pods Frameworks */ = {
			isa = PBXShellScriptBuildPhase;
			buildActionMask = 2147483647;
			files = (
			);
			inputPaths = (
				"${SRCROOT}/Pods/Target Support Files/Pods-JsonParsingSwift4ObjectMapper/Pods-JsonParsingSwift4ObjectMapper-frameworks.sh",
				"${BUILT_PRODUCTS_DIR}/ObjectMapper/ObjectMapper.framework",
			);
			name = "[CP] Embed Pods Frameworks";
			outputPaths = (
				"${TARGET_BUILD_DIR}/${FRAMEWORKS_FOLDER_PATH}/ObjectMapper.framework",
			);
			runOnlyForDeploymentPostprocessing = 0;
			shellPath = /bin/sh;
			shellScript = "\"${SRCROOT}/Pods/Target Support Files/Pods-JsonParsingSwift4ObjectMapper/Pods-JsonParsingSwift4ObjectMapper-frameworks.sh\"\n";
			showEnvVarsInLog = 0;
		};
		ADEBB4925EC41992173E7E5C /* [CP] Copy Pods Resources */ = {
			isa = PBXShellScriptBuildPhase;
			buildActionMask = 2147483647;
			files = (
			);
			inputPaths = (
			);
			name = "[CP] Copy Pods Resources";
			outputPaths = (
			);
			runOnlyForDeploymentPostprocessing = 0;
			shellPath = /bin/sh;
			shellScript = "\"${SRCROOT}/Pods/Target Support Files/Pods-JsonParsingSwift4ObjectMapper/Pods-JsonParsingSwift4ObjectMapper-resources.sh\"\n";
			showEnvVarsInLog = 0;
		};
		FA5EACED6821A372DA40BE4F /* [CP] Check Pods Manifest.lock */ = {
			isa = PBXShellScriptBuildPhase;
			buildActionMask = 2147483647;
			files = (
			);
			inputPaths = (
				"${PODS_PODFILE_DIR_PATH}/Podfile.lock",
				"${PODS_ROOT}/Manifest.lock",
			);
			name = "[CP] Check Pods Manifest.lock";
			outputPaths = (
				"$(DERIVED_FILE_DIR)/Pods-JsonParsingSwift4ObjectMapper-checkManifestLockResult.txt",
			);
			runOnlyForDeploymentPostprocessing = 0;
			shellPath = /bin/sh;
			shellScript = "diff \"${PODS_PODFILE_DIR_PATH}/Podfile.lock\" \"${PODS_ROOT}/Manifest.lock\" > /dev/null\nif [ $? != 0 ] ; then\n    # print error to STDERR\n    echo \"error: The sandbox is not in sync with the Podfile.lock. Run 'pod install' or update your CocoaPods installation.\" >&2\n    exit 1\nfi\n# This output is used by Xcode 'outputs' to avoid re-running this script phase.\necho \"SUCCESS\" > \"${SCRIPT_OUTPUT_FILE_0}\"\n";
			showEnvVarsInLog = 0;
		};
/* End PBXShellScriptBuildPhase section */

/* Begin PBXSourcesBuildPhase section */
		525E59112137AF8000822264 /* Sources */ = {
			isa = PBXSourcesBuildPhase;
			buildActionMask = 2147483647;
			files = (
				525E591B2137AF8000822264 /* ViewController.swift in Sources */,
				525E59332137B72B00822264 /* JokeTypeEnum.swift in Sources */,
				525E592C2137B34200822264 /* GetJokesRequestHandler.swift in Sources */,
				525E59192137AF8000822264 /* AppDelegate.swift in Sources */,
				525E592E2137B35F00822264 /* JokeObject.swift in Sources */,
				525E59302137B36900822264 /* JokeStruct.swift in Sources */,
			);
			runOnlyForDeploymentPostprocessing = 0;
		};
/* End PBXSourcesBuildPhase section */

/* Begin PBXVariantGroup section */
		525E591E2137AF8100822264 /* Main.storyboard */ = {
			isa = PBXVariantGroup;
			children = (
				525E591F2137AF8100822264 /* Base */,
			);
			name = Main.storyboard;
			sourceTree = "<group>";
		};
/* End PBXVariantGroup section */

/* Begin XCBuildConfiguration section */
		525E59232137AF8100822264 /* Debug */ = {
			isa = XCBuildConfiguration;
			buildSettings = {
				ALWAYS_SEARCH_USER_PATHS = NO;
				CLANG_ANALYZER_NONNULL = YES;
				CLANG_ANALYZER_NUMBER_OBJECT_CONVERSION = YES_AGGRESSIVE;
				CLANG_CXX_LANGUAGE_STANDARD = "gnu++14";
				CLANG_CXX_LIBRARY = "libc++";
				CLANG_ENABLE_MODULES = YES;
				CLANG_ENABLE_OBJC_ARC = YES;
				CLANG_ENABLE_OBJC_WEAK = YES;
				CLANG_WARN_BLOCK_CAPTURE_AUTORELEASING = YES;
				CLANG_WARN_BOOL_CONVERSION = YES;
				CLANG_WARN_COMMA = YES;
				CLANG_WARN_CONSTANT_CONVERSION = YES;
				CLANG_WARN_DEPRECATED_OBJC_IMPLEMENTATIONS = YES;
				CLANG_WARN_DIRECT_OBJC_ISA_USAGE = YES_ERROR;
				CLANG_WARN_DOCUMENTATION_COMMENTS = YES;
				CLANG_WARN_EMPTY_BODY = YES;
				CLANG_WARN_ENUM_CONVERSION = YES;
				CLANG_WARN_INFINITE_RECURSION = YES;
				CLANG_WARN_INT_CONVERSION = YES;
				CLANG_WARN_NON_LITERAL_NULL_CONVERSION = YES;
				CLANG_WARN_OBJC_IMPLICIT_RETAIN_SELF = YES;
				CLANG_WARN_OBJC_LITERAL_CONVERSION = YES;
				CLANG_WARN_OBJC_ROOT_CLASS = YES_ERROR;
				CLANG_WARN_RANGE_LOOP_ANALYSIS = YES;
				CLANG_WARN_STRICT_PROTOTYPES = YES;
				CLANG_WARN_SUSPICIOUS_MOVE = YES;
				CLANG_WARN_UNGUARDED_AVAILABILITY = YES_AGGRESSIVE;
				CLANG_WARN_UNREACHABLE_CODE = YES;
				CLANG_WARN__DUPLICATE_METHOD_MATCH = YES;
				CODE_SIGN_IDENTITY = "Mac Developer";
				COPY_PHASE_STRIP = NO;
				DEBUG_INFORMATION_FORMAT = dwarf;
				ENABLE_STRICT_OBJC_MSGSEND = YES;
				ENABLE_TESTABILITY = YES;
				GCC_C_LANGUAGE_STANDARD = gnu11;
				GCC_DYNAMIC_NO_PIC = NO;
				GCC_NO_COMMON_BLOCKS = YES;
				GCC_OPTIMIZATION_LEVEL = 0;
				GCC_PREPROCESSOR_DEFINITIONS = (
					"DEBUG=1",
					"$(inherited)",
				);
				GCC_WARN_64_TO_32_BIT_CONVERSION = YES;
				GCC_WARN_ABOUT_RETURN_TYPE = YES_ERROR;
				GCC_WARN_UNDECLARED_SELECTOR = YES;
				GCC_WARN_UNINITIALIZED_AUTOS = YES_AGGRESSIVE;
				GCC_WARN_UNUSED_FUNCTION = YES;
				GCC_WARN_UNUSED_VARIABLE = YES;
				MACOSX_DEPLOYMENT_TARGET = 10.13;
				MTL_ENABLE_DEBUG_INFO = YES;
				ONLY_ACTIVE_ARCH = YES;
				SDKROOT = macosx;
				SWIFT_ACTIVE_COMPILATION_CONDITIONS = DEBUG;
				SWIFT_OPTIMIZATION_LEVEL = "-Onone";
			};
			name = Debug;
		};
		525E59242137AF8100822264 /* Release */ = {
			isa = XCBuildConfiguration;
			buildSettings = {
				ALWAYS_SEARCH_USER_PATHS = NO;
				CLANG_ANALYZER_NONNULL = YES;
				CLANG_ANALYZER_NUMBER_OBJECT_CONVERSION = YES_AGGRESSIVE;
				CLANG_CXX_LANGUAGE_STANDARD = "gnu++14";
				CLANG_CXX_LIBRARY = "libc++";
				CLANG_ENABLE_MODULES = YES;
				CLANG_ENABLE_OBJC_ARC = YES;
				CLANG_ENABLE_OBJC_WEAK = YES;
				CLANG_WARN_BLOCK_CAPTURE_AUTORELEASING = YES;
				CLANG_WARN_BOOL_CONVERSION = YES;
				CLANG_WARN_COMMA = YES;
				CLANG_WARN_CONSTANT_CONVERSION = YES;
				CLANG_WARN_DEPRECATED_OBJC_IMPLEMENTATIONS = YES;
				CLANG_WARN_DIRECT_OBJC_ISA_USAGE = YES_ERROR;
				CLANG_WARN_DOCUMENTATION_COMMENTS = YES;
				CLANG_WARN_EMPTY_BODY = YES;
				CLANG_WARN_ENUM_CONVERSION = YES;
				CLANG_WARN_INFINITE_RECURSION = YES;
				CLANG_WARN_INT_CONVERSION = YES;
				CLANG_WARN_NON_LITERAL_NULL_CONVERSION = YES;
				CLANG_WARN_OBJC_IMPLICIT_RETAIN_SELF = YES;
				CLANG_WARN_OBJC_LITERAL_CONVERSION = YES;
				CLANG_WARN_OBJC_ROOT_CLASS = YES_ERROR;
				CLANG_WARN_RANGE_LOOP_ANALYSIS = YES;
				CLANG_WARN_STRICT_PROTOTYPES = YES;
				CLANG_WARN_SUSPICIOUS_MOVE = YES;
				CLANG_WARN_UNGUARDED_AVAILABILITY = YES_AGGRESSIVE;
				CLANG_WARN_UNREACHABLE_CODE = YES;
				CLANG_WARN__DUPLICATE_METHOD_MATCH = YES;
				CODE_SIGN_IDENTITY = "Mac Developer";
				COPY_PHASE_STRIP = NO;
				DEBUG_INFORMATION_FORMAT = "dwarf-with-dsym";
				ENABLE_NS_ASSERTIONS = NO;
				ENABLE_STRICT_OBJC_MSGSEND = YES;
				GCC_C_LANGUAGE_STANDARD = gnu11;
				GCC_NO_COMMON_BLOCKS = YES;
				GCC_WARN_64_TO_32_BIT_CONVERSION = YES;
				GCC_WARN_ABOUT_RETURN_TYPE = YES_ERROR;
				GCC_WARN_UNDECLARED_SELECTOR = YES;
				GCC_WARN_UNINITIALIZED_AUTOS = YES_AGGRESSIVE;
				GCC_WARN_UNUSED_FUNCTION = YES;
				GCC_WARN_UNUSED_VARIABLE = YES;
				MACOSX_DEPLOYMENT_TARGET = 10.13;
				MTL_ENABLE_DEBUG_INFO = NO;
				SDKROOT = macosx;
				SWIFT_COMPILATION_MODE = wholemodule;
				SWIFT_OPTIMIZATION_LEVEL = "-O";
			};
			name = Release;
		};
		525E59262137AF8100822264 /* Debug */ = {
			isa = XCBuildConfiguration;
			baseConfigurationReference = 4B90CFFE8AADCB4A18D3F501 /* Pods-JsonParsingSwift4ObjectMapper.debug.xcconfig */;
			buildSettings = {
				ASSETCATALOG_COMPILER_APPICON_NAME = AppIcon;
				CODE_SIGN_ENTITLEMENTS = JsonParsingSwift4ObjectMapper/JsonParsingSwift4ObjectMapper.entitlements;
				CODE_SIGN_STYLE = Automatic;
				COMBINE_HIDPI_IMAGES = YES;
				DEVELOPMENT_TEAM = TNNH6FD49C;
				INFOPLIST_FILE = JsonParsingSwift4ObjectMapper/Info.plist;
				LD_RUNPATH_SEARCH_PATHS = (
					"$(inherited)",
					"@executable_path/../Frameworks",
				);
				PRODUCT_BUNDLE_IDENTIFIER = ua.budu.JsonParsingSwift4ObjectMapper;
				PRODUCT_NAME = "$(TARGET_NAME)";
				SWIFT_VERSION = 4.0;
			};
			name = Debug;
		};
		525E59272137AF8100822264 /* Release */ = {
			isa = XCBuildConfiguration;
			baseConfigurationReference = B653C4384A2C305386D472C9 /* Pods-JsonParsingSwift4ObjectMapper.release.xcconfig */;
			buildSettings = {
				ASSETCATALOG_COMPILER_APPICON_NAME = AppIcon;
				CODE_SIGN_ENTITLEMENTS = JsonParsingSwift4ObjectMapper/JsonParsingSwift4ObjectMapper.entitlements;
				CODE_SIGN_STYLE = Automatic;
				COMBINE_HIDPI_IMAGES = YES;
				DEVELOPMENT_TEAM = TNNH6FD49C;
				INFOPLIST_FILE = JsonParsingSwift4ObjectMapper/Info.plist;
				LD_RUNPATH_SEARCH_PATHS = (
					"$(inherited)",
					"@executable_path/../Frameworks",
				);
				PRODUCT_BUNDLE_IDENTIFIER = ua.budu.JsonParsingSwift4ObjectMapper;
				PRODUCT_NAME = "$(TARGET_NAME)";
				SWIFT_VERSION = 4.0;
			};
			name = Release;
		};
/* End XCBuildConfiguration section */

/* Begin XCConfigurationList section */
		525E59102137AF8000822264 /* Build configuration list for PBXProject "JsonParsingSwift4ObjectMapper" */ = {
			isa = XCConfigurationList;
			buildConfigurations = (
				525E59232137AF8100822264 /* Debug */,
				525E59242137AF8100822264 /* Release */,
			);
			defaultConfigurationIsVisible = 0;
			defaultConfigurationName = Release;
		};
		525E59252137AF8100822264 /* Build configuration list for PBXNativeTarget "JsonParsingSwift4ObjectMapper" */ = {
			isa = XCConfigurationList;
			buildConfigurations = (
				525E59262137AF8100822264 /* Debug */,
				525E59272137AF8100822264 /* Release */,
			);
			defaultConfigurationIsVisible = 0;
			defaultConfigurationName = Release;
		};
/* End XCConfigurationList section */
	};
	rootObject = 525E590D2137AF8000822264 /* Project object */;
}
